// !$*UTF8*$!
{
	archiveVersion = 1;
	classes = {
	};
	objectVersion = 46;
	objects = {

/* Begin PBXBuildFile section */
		5860336007DF5D345A9DD733 /* Main.storyboard in Resources */ = {isa = PBXBuildFile; fileRef = 58603E6C47D40CD9C20C0BA4 /* Main.storyboard */; };
		586035A7F111D5A76E3F0AC4 /* AppDelegate.m in Sources */ = {isa = PBXBuildFile; fileRef = 586034C9D1A54158AA9B2FA0 /* AppDelegate.m */; };
		586036C307E33EA024058FB5 /* ViewController.m in Sources */ = {isa = PBXBuildFile; fileRef = 5860370D648038DD68DACB80 /* ViewController.m */; };
		586038127E20EE9B256FCCDC /* LaunchScreen.storyboard in Resources */ = {isa = PBXBuildFile; fileRef = 5860367DF505628E354D1FE2 /* LaunchScreen.storyboard */; };
		586038931B4984A7BCDC0181 /* Assets.xcassets in Resources */ = {isa = PBXBuildFile; fileRef = 58603B1C6F31AAFCCB025E41 /* Assets.xcassets */; };
		58603A956FDAC4DA081FE620 /* main.m in Sources */ = {isa = PBXBuildFile; fileRef = 58603C6C3CA19AD8426CB303 /* main.m */; };
/* End PBXBuildFile section */

/* Begin PBXFileReference section */
		586032B89601229842BAF8FB /* Base */ = {isa = PBXFileReference; lastKnownFileType = file.storyboard; name = Base; path = Base.lproj/LaunchScreen.storyboard; sourceTree = "<group>"; };
		586033DE17B07F1BA8073165 /* AppDelegate.h */ = {isa = PBXFileReference; lastKnownFileType = sourcecode.c.h; path = AppDelegate.h; sourceTree = "<group>"; };
		586034472B4C5F3359EB109C /* Base */ = {isa = PBXFileReference; lastKnownFileType = file.storyboard; name = Base; path = Base.lproj/Main.storyboard; sourceTree = "<group>"; };
		5860347919343B5576FB1BE9 /* ios.lesson1.task.simpleview.app */ = {isa = PBXFileReference; explicitFileType = wrapper.application; includeInIndex = 0; path = ios.lesson1.task.simpleview.app; sourceTree = BUILT_PRODUCTS_DIR; };
		586034C9D1A54158AA9B2FA0 /* AppDelegate.m */ = {isa = PBXFileReference; lastKnownFileType = sourcecode.c.objc; path = AppDelegate.m; sourceTree = "<group>"; };
		5860370D648038DD68DACB80 /* ViewController.m */ = {isa = PBXFileReference; lastKnownFileType = sourcecode.c.objc; path = ViewController.m; sourceTree = "<group>"; };
		58603AD3F17BA40C3EB17DBC /* ViewController.h */ = {isa = PBXFileReference; lastKnownFileType = sourcecode.c.h; path = ViewController.h; sourceTree = "<group>"; };
		58603B1C6F31AAFCCB025E41 /* Assets.xcassets */ = {isa = PBXFileReference; lastKnownFileType = folder.assetcatalog; path = Assets.xcassets; sourceTree = "<group>"; };
		58603B4CC15A4D54D1278EB0 /* Info.plist */ = {isa = PBXFileReference; lastKnownFileType = text.plist.info; path = Info.plist; sourceTree = "<group>"; };
		58603C6C3CA19AD8426CB303 /* main.m */ = {isa = PBXFileReference; lastKnownFileType = sourcecode.c.objc; path = main.m; sourceTree = "<group>"; };
/* End PBXFileReference section */

/* Begin PBXFrameworksBuildPhase section */
		58603E056E9F712D82247459 /* Frameworks */ = {
			isa = PBXFrameworksBuildPhase;
			buildActionMask = 2147483647;
			files = (
			);
			runOnlyForDeploymentPostprocessing = 0;
		};
/* End PBXFrameworksBuildPhase section */

/* Begin PBXGroup section */
		586030181AC6C6416F1704D0 = {
			isa = PBXGroup;
			children = (
				58603B8D40789BD1E1767AF3 /* Products */,
				58603808DB463833FFBB7FBC /* ios.lesson1.task.simpleview */,
			);
			sourceTree = "<group>";
		};
		58603808DB463833FFBB7FBC /* ios.lesson1.task.simpleview */ = {
			isa = PBXGroup;
			children = (
				58603B4CC15A4D54D1278EB0 /* Info.plist */,
				58603B1C6F31AAFCCB025E41 /* Assets.xcassets */,
				5860367DF505628E354D1FE2 /* LaunchScreen.storyboard */,
				58603C6C3CA19AD8426CB303 /* main.m */,
				586033DE17B07F1BA8073165 /* AppDelegate.h */,
				586034C9D1A54158AA9B2FA0 /* AppDelegate.m */,
				58603E6C47D40CD9C20C0BA4 /* Main.storyboard */,
				58603AD3F17BA40C3EB17DBC /* ViewController.h */,
				5860370D648038DD68DACB80 /* ViewController.m */,
			);
			path = ios.lesson1.task.simpleview;
			sourceTree = "<group>";
		};
		58603B8D40789BD1E1767AF3 /* Products */ = {
			isa = PBXGroup;
			children = (
				5860347919343B5576FB1BE9 /* ios.lesson1.task.simpleview.app */,
			);
			name = Products;
			sourceTree = "<group>";
		};
/* End PBXGroup section */

/* Begin PBXNativeTarget section */
		586034956CCAEFAAAB82C3CB /* ios.lesson1.task.simpleview */ = {
			isa = PBXNativeTarget;
			buildConfigurationList = 58603B5772AB56E0704057EF /* Build configuration list for PBXNativeTarget "ios.lesson1.task.simpleview" */;
			buildPhases = (
				58603D041925B40DA9A501FE /* Sources */,
				58603E056E9F712D82247459 /* Frameworks */,
				5860308297876E17BB166025 /* Resources */,
			);
			buildRules = (
			);
			dependencies = (
			);
			name = ios.lesson1.task.simpleview;
			productName = ios.lesson1.task.simpleview;
			productReference = 5860347919343B5576FB1BE9 /* ios.lesson1.task.simpleview.app */;
			productType = "com.apple.product-type.application";
		};
/* End PBXNativeTarget section */

/* Begin PBXProject section */
		58603700641E984AF8A8B33E /* Project object */ = {
			isa = PBXProject;
			attributes = {
				ORGANIZATIONNAME = w3dip;
			};
			buildConfigurationList = 586032864F72B517CC971B96 /* Build configuration list for PBXProject "ios.lesson1.task.simpleview" */;
			compatibilityVersion = "Xcode 3.2";
			developmentRegion = English;
			hasScannedForEncodings = 0;
			knownRegions = (
				en,
			);
			mainGroup = 586030181AC6C6416F1704D0;
			productRefGroup = 58603B8D40789BD1E1767AF3 /* Products */;
			projectDirPath = "";
			projectRoot = "";
			targets = (
				586034956CCAEFAAAB82C3CB /* ios.lesson1.task.simpleview */,
			);
		};
/* End PBXProject section */

/* Begin PBXResourcesBuildPhase section */
		5860308297876E17BB166025 /* Resources */ = {
			isa = PBXResourcesBuildPhase;
			buildActionMask = 2147483647;
			files = (
				586038931B4984A7BCDC0181 /* Assets.xcassets in Resources */,
				586038127E20EE9B256FCCDC /* LaunchScreen.storyboard in Resources */,
				5860336007DF5D345A9DD733 /* Main.storyboard in Resources */,
			);
			runOnlyForDeploymentPostprocessing = 0;
		};
/* End PBXResourcesBuildPhase section */

/* Begin PBXSourcesBuildPhase section */
		58603D041925B40DA9A501FE /* Sources */ = {
			isa = PBXSourcesBuildPhase;
			buildActionMask = 2147483647;
			files = (
				58603A956FDAC4DA081FE620 /* main.m in Sources */,
				586035A7F111D5A76E3F0AC4 /* AppDelegate.m in Sources */,
				586036C307E33EA024058FB5 /* ViewController.m in Sources */,
			);
			runOnlyForDeploymentPostprocessing = 0;
		};
/* End PBXSourcesBuildPhase section */

/* Begin PBXVariantGroup section */
		5860367DF505628E354D1FE2 /* LaunchScreen.storyboard */ = {
			isa = PBXVariantGroup;
			children = (
				586032B89601229842BAF8FB /* Base */,
			);
			name = LaunchScreen.storyboard;
			sourceTree = "<group>";
		};
		58603E6C47D40CD9C20C0BA4 /* Main.storyboard */ = {
			isa = PBXVariantGroup;
			children = (
				586034472B4C5F3359EB109C /* Base */,
			);
			name = Main.storyboard;
			sourceTree = "<group>";
		};
/* End PBXVariantGroup section */

/* Begin XCBuildConfiguration section */
		58603086C4729B4060E69D89 /* Debug */ = {
			isa = XCBuildConfiguration;
			buildSettings = {
				ASSETCATALOG_COMPILER_APPICON_NAME = AppIcon;
				INFOPLIST_FILE = ios.lesson1.task.simpleview/Info.plist;
				LD_RUNPATH_SEARCH_PATHS = "$(inherited) @executable_path/Frameworks";
				PRODUCT_BUNDLE_IDENTIFIER = "w3dip.ios-lesson1-task-simpleview";
				PRODUCT_NAME = "$(TARGET_NAME)";
				TARGETED_DEVICE_FAMILY = "1,2";
			};
			name = Debug;
		};
		586031A6081F76378311BF5F /* Release */ = {
			isa = XCBuildConfiguration;
			buildSettings = {
				ASSETCATALOG_COMPILER_APPICON_NAME = AppIcon;
				INFOPLIST_FILE = ios.lesson1.task.simpleview/Info.plist;
				LD_RUNPATH_SEARCH_PATHS = "$(inherited) @executable_path/Frameworks";
				PRODUCT_BUNDLE_IDENTIFIER = "w3dip.ios-lesson1-task-simpleview";
				PRODUCT_NAME = "$(TARGET_NAME)";
				TARGETED_DEVICE_FAMILY = "1,2";
			};
			name = Release;
		};
		58603270D619FA383E9784B8 /* Debug */ = {
			isa = XCBuildConfiguration;
			buildSettings = {
				ALWAYS_SEARCH_USER_PATHS = NO;
				CLANG_ANALYZER_NONNULL = YES;
				CLANG_ANALYZER_NUMBER_OBJECT_CONVERSION = YES_AGGRESSIVE;
				CLANG_CXX_LANGUAGE_STANDARD = "gnu++14";
				CLANG_CXX_LIBRARY = "libc++";
				CLANG_ENABLE_MODULES = YES;
				CLANG_ENABLE_OBJC_ARC = YES;
				CLANG_ENABLE_OBJC_WEAK = YES;
				CLANG_WARN_BLOCK_CAPTURE_AUTORELEASING = YES;
				CLANG_WARN_BOOL_CONVERSION = YES;
				CLANG_WARN_COMMA = YES;
				CLANG_WARN_CONSTANT_CONVERSION = YES;
				CLANG_WARN_DEPRECATED_OBJC_IMPLEMENTATIONS = YES;
				CLANG_WARN_DIRECT_OBJC_ISA_USAGE = YES_ERROR;
				CLANG_WARN_DOCUMENTATION_COMMENTS = YES;
				CLANG_WARN_EMPTY_BODY = YES;
				CLANG_WARN_ENUM_CONVERSION = YES;
				CLANG_WARN_INFINITE_RECURSION = YES;
				CLANG_WARN_INT_CONVERSION = YES;
				CLANG_WARN_NON_LITERAL_NULL_CONVERSION = YES;
				CLANG_WARN_OBJC_IMPLICIT_RETAIN_SELF = YES;
				CLANG_WARN_OBJC_LITERAL_CONVERSION = YES;
				CLANG_WARN_OBJC_ROOT_CLASS = YES_ERROR;
				CLANG_WARN_RANGE_LOOP_ANALYSIS = YES;
				CLANG_WARN_STRICT_PROTOTYPES = YES;
				CLANG_WARN_SUSPICIOUS_MOVE = YES;
				CLANG_WARN_UNGUARDED_AVAILABILITY = YES_AGGRESSIVE;
				CLANG_WARN_UNREACHABLE_CODE = YES;
				CLANG_WARN__DUPLICATE_METHOD_MATCH = YES;
				CODE_SIGN_IDENTITY = "iPhone Developer";
				COPY_PHASE_STRIP = NO;
				DEBUG_INFORMATION_FORMAT = dwarf;
				ENABLE_STRICT_OBJC_MSGSEND = YES;
				ENABLE_TESTABILITY = YES;
				GCC_C_LANGUAGE_STANDARD = gnu11;
				GCC_DYNAMIC_NO_PIC = NO;
				GCC_NO_COMMON_BLOCKS = YES;
				GCC_OPTIMIZATION_LEVEL = 0;
				GCC_PREPROCESSOR_DEFINITIONS = (
					"DEBUG=1",
					"$(inherited)",
				);
				GCC_WARN_64_TO_32_BIT_CONVERSION = YES;
				GCC_WARN_ABOUT_RETURN_TYPE = YES_ERROR;
				GCC_WARN_UNDECLARED_SELECTOR = YES;
				GCC_WARN_UNINITIALIZED_AUTOS = YES_AGGRESSIVE;
				GCC_WARN_UNUSED_FUNCTION = YES;
				GCC_WARN_UNUSED_VARIABLE = YES;
				IPHONEOS_DEPLOYMENT_TARGET = 12.0;
				MTL_ENABLE_DEBUG_INFO = INCLUDE_SOURCE;
				MTL_FAST_MATH = YES;
				ONLY_ACTIVE_ARCH = YES;
				SDKROOT = iphoneos;
			};
			name = Debug;
		};
		58603A83A99E23A92CE02131 /* Release */ = {
			isa = XCBuildConfiguration;
			buildSettings = {
				ALWAYS_SEARCH_USER_PATHS = NO;
				CLANG_ANALYZER_NONNULL = YES;
				CLANG_ANALYZER_NUMBER_OBJECT_CONVERSION = YES_AGGRESSIVE;
				CLANG_CXX_LANGUAGE_STANDARD = "gnu++14";
				CLANG_CXX_LIBRARY = "libc++";
				CLANG_ENABLE_MODULES = YES;
				CLANG_ENABLE_OBJC_ARC = YES;
				CLANG_ENABLE_OBJC_WEAK = YES;
				CLANG_WARN_BLOCK_CAPTURE_AUTORELEASING = YES;
				CLANG_WARN_BOOL_CONVERSION = YES;
				CLANG_WARN_COMMA = YES;
				CLANG_WARN_CONSTANT_CONVERSION = YES;
				CLANG_WARN_DEPRECATED_OBJC_IMPLEMENTATIONS = YES;
				CLANG_WARN_DIRECT_OBJC_ISA_USAGE = YES_ERROR;
				CLANG_WARN_DOCUMENTATION_COMMENTS = YES;
				CLANG_WARN_EMPTY_BODY = YES;
				CLANG_WARN_ENUM_CONVERSION = YES;
				CLANG_WARN_INFINITE_RECURSION = YES;
				CLANG_WARN_INT_CONVERSION = YES;
				CLANG_WARN_NON_LITERAL_NULL_CONVERSION = YES;
				CLANG_WARN_OBJC_IMPLICIT_RETAIN_SELF = YES;
				CLANG_WARN_OBJC_LITERAL_CONVERSION = YES;
				CLANG_WARN_OBJC_ROOT_CLASS = YES_ERROR;
				CLANG_WARN_RANGE_LOOP_ANALYSIS = YES;
				CLANG_WARN_STRICT_PROTOTYPES = YES;
				CLANG_WARN_SUSPICIOUS_MOVE = YES;
				CLANG_WARN_UNGUARDED_AVAILABILITY = YES_AGGRESSIVE;
				CLANG_WARN_UNREACHABLE_CODE = YES;
				CLANG_WARN__DUPLICATE_METHOD_MATCH = YES;
				CODE_SIGN_IDENTITY = "iPhone Developer";
				COPY_PHASE_STRIP = NO;
				DEBUG_INFORMATION_FORMAT = "dwarf-with-dsym";
				ENABLE_NS_ASSERTIONS = NO;
				ENABLE_STRICT_OBJC_MSGSEND = YES;
				GCC_C_LANGUAGE_STANDARD = gnu11;
				GCC_NO_COMMON_BLOCKS = YES;
				GCC_WARN_64_TO_32_BIT_CONVERSION = YES;
				GCC_WARN_ABOUT_RETURN_TYPE = YES_ERROR;
				GCC_WARN_UNDECLARED_SELECTOR = YES;
				GCC_WARN_UNINITIALIZED_AUTOS = YES_AGGRESSIVE;
				GCC_WARN_UNUSED_FUNCTION = YES;
				GCC_WARN_UNUSED_VARIABLE = YES;
				IPHONEOS_DEPLOYMENT_TARGET = 12.0;
				MTL_ENABLE_DEBUG_INFO = NO;
				MTL_FAST_MATH = YES;
				SDKROOT = iphoneos;
				VALIDATE_PRODUCT = YES;
			};
			name = Release;
		};
/* End XCBuildConfiguration section */

/* Begin XCConfigurationList section */
		586032864F72B517CC971B96 /* Build configuration list for PBXProject "ios.lesson1.task.simpleview" */ = {
			isa = XCConfigurationList;
			buildConfigurations = (
				58603270D619FA383E9784B8 /* Debug */,
				58603A83A99E23A92CE02131 /* Release */,
			);
			defaultConfigurationIsVisible = 0;
			defaultConfigurationName = Release;
		};
		58603B5772AB56E0704057EF /* Build configuration list for PBXNativeTarget "ios.lesson1.task.simpleview" */ = {
			isa = XCConfigurationList;
			buildConfigurations = (
				58603086C4729B4060E69D89 /* Debug */,
				586031A6081F76378311BF5F /* Release */,
			);
			defaultConfigurationIsVisible = 0;
		};
/* End XCConfigurationList section */
	};
	rootObject = 58603700641E984AF8A8B33E /* Project object */;
}
